// !$*UTF8*$!
{
	archiveVersion = 1;
	classes = {
	};
	objectVersion = 48;
	objects = {

/* Begin PBXBuildFile section */
		DC6528B91FEDAB70001D3F7C /* phone.PNG in Resources */ = {isa = PBXBuildFile; fileRef = DC6528B81FEDAB70001D3F7C /* phone.PNG */; };
		DC6528CB1FEDC1DE001D3F7C /* wait_for_press.png in Resources */ = {isa = PBXBuildFile; fileRef = DC6528C81FEDC1DD001D3F7C /* wait_for_press.png */; };
		DC6528CC1FEDC1DE001D3F7C /* wait_for_stable.png in Resources */ = {isa = PBXBuildFile; fileRef = DC6528C91FEDC1DE001D3F7C /* wait_for_stable.png */; };
		DC6528CD1FEDC1DE001D3F7C /* wait_for_throw.png in Resources */ = {isa = PBXBuildFile; fileRef = DC6528CA1FEDC1DE001D3F7C /* wait_for_throw.png */; };
		DC6528D11FEDD0CA001D3F7C /* wifi_medium.png in Resources */ = {isa = PBXBuildFile; fileRef = DC6528CE1FEDD0C9001D3F7C /* wifi_medium.png */; };
		DC6528D21FEDD0CA001D3F7C /* wifi_high.png in Resources */ = {isa = PBXBuildFile; fileRef = DC6528CF1FEDD0CA001D3F7C /* wifi_high.png */; };
		DC6528D31FEDD0CA001D3F7C /* wifi_low.png in Resources */ = {isa = PBXBuildFile; fileRef = DC6528D01FEDD0CA001D3F7C /* wifi_low.png */; };
		DC6528D71FEED5F6001D3F7C /* start_button.png in Resources */ = {isa = PBXBuildFile; fileRef = DC6528D61FEED5F6001D3F7C /* start_button.png */; };
		DC6528DA1FF01517001D3F7C /* info_icon.png in Resources */ = {isa = PBXBuildFile; fileRef = DC6528D81FF01515001D3F7C /* info_icon.png */; };
		DC6528DB1FF01517001D3F7C /* refresh_icon.png in Resources */ = {isa = PBXBuildFile; fileRef = DC6528D91FF01517001D3F7C /* refresh_icon.png */; };
		DC6528DE1FF01B71001D3F7C /* check.png in Resources */ = {isa = PBXBuildFile; fileRef = DC6528DC1FF01B70001D3F7C /* check.png */; };
		DC6528DF1FF01B71001D3F7C /* refresh.png in Resources */ = {isa = PBXBuildFile; fileRef = DC6528DD1FF01B71001D3F7C /* refresh.png */; };
		DC6528E21FF09463001D3F7C /* round_check.png in Resources */ = {isa = PBXBuildFile; fileRef = DC6528E01FF09463001D3F7C /* round_check.png */; };
		DC6528E31FF09463001D3F7C /* round_fresh.png in Resources */ = {isa = PBXBuildFile; fileRef = DC6528E11FF09463001D3F7C /* round_fresh.png */; };
		DC6528E51FF0B302001D3F7C /* round_refresh_2.png in Resources */ = {isa = PBXBuildFile; fileRef = DC6528E41FF0B302001D3F7C /* round_refresh_2.png */; };
		DC6528E71FF0B307001D3F7C /* round_check_2.png in Resources */ = {isa = PBXBuildFile; fileRef = DC6528E61FF0B307001D3F7C /* round_check_2.png */; };
		DC6528F51FF2CD2B001D3F7C /* instruction.png in Resources */ = {isa = PBXBuildFile; fileRef = DC6528F41FF2CD2A001D3F7C /* instruction.png */; };
		DC6528F71FF2CE5C001D3F7C /* InfoViewController.swift in Sources */ = {isa = PBXBuildFile; fileRef = DC6528F61FF2CE5C001D3F7C /* InfoViewController.swift */; };
		DC6529031FF463E2001D3F7C /* cmd.png in Resources */ = {isa = PBXBuildFile; fileRef = DC6529021FF463E2001D3F7C /* cmd.png */; };
		DC6529051FF48308001D3F7C /* Singleton.swift in Sources */ = {isa = PBXBuildFile; fileRef = DC6529041FF48308001D3F7C /* Singleton.swift */; };
		DC6529071FF483D2001D3F7C /* ResultViewController.swift in Sources */ = {isa = PBXBuildFile; fileRef = DC6529061FF483D2001D3F7C /* ResultViewController.swift */; };
		DC65290E1FF4C1D3001D3F7C /* goback.png in Resources */ = {isa = PBXBuildFile; fileRef = DC65290C1FF4C1D2001D3F7C /* goback.png */; };
		DC65290F1FF4C1D3001D3F7C /* download.png in Resources */ = {isa = PBXBuildFile; fileRef = DC65290D1FF4C1D2001D3F7C /* download.png */; };
		DC6529131FF5A84B001D3F7C /* bar_high.png in Resources */ = {isa = PBXBuildFile; fileRef = DC6529101FF5A84A001D3F7C /* bar_high.png */; };
		DC6529141FF5A84B001D3F7C /* bar_medium.png in Resources */ = {isa = PBXBuildFile; fileRef = DC6529111FF5A84A001D3F7C /* bar_medium.png */; };
		DC6529151FF5A84B001D3F7C /* bar_low.png in Resources */ = {isa = PBXBuildFile; fileRef = DC6529121FF5A84B001D3F7C /* bar_low.png */; };
		DC65291C1FF5ABDC001D3F7C /* goback2.png in Resources */ = {isa = PBXBuildFile; fileRef = DC65291A1FF5ABDB001D3F7C /* goback2.png */; };
		DC65291D1FF5ABDC001D3F7C /* download2.png in Resources */ = {isa = PBXBuildFile; fileRef = DC65291B1FF5ABDB001D3F7C /* download2.png */; };
		DC65291F1FF5DD63001D3F7C /* cong.png in Resources */ = {isa = PBXBuildFile; fileRef = DC65291E1FF5DD63001D3F7C /* cong.png */; };
		DC6529261FF5F58E001D3F7C /* lvl_3.png in Resources */ = {isa = PBXBuildFile; fileRef = DC6529221FF5F58C001D3F7C /* lvl_3.png */; };
		DC6529271FF5F58E001D3F7C /* lvl_4.png in Resources */ = {isa = PBXBuildFile; fileRef = DC6529231FF5F58D001D3F7C /* lvl_4.png */; };
		DC6529281FF5F58E001D3F7C /* lvl_1.png in Resources */ = {isa = PBXBuildFile; fileRef = DC6529241FF5F58D001D3F7C /* lvl_1.png */; };
		DC6529291FF5F58E001D3F7C /* lvl_2.png in Resources */ = {isa = PBXBuildFile; fileRef = DC6529251FF5F58D001D3F7C /* lvl_2.png */; };
		DC65293E1FF7087E001D3F7C /* lvl_fi.png in Resources */ = {isa = PBXBuildFile; fileRef = DC65293A1FF7087C001D3F7C /* lvl_fi.png */; };
		DC65293F1FF7087E001D3F7C /* lvl_7.png in Resources */ = {isa = PBXBuildFile; fileRef = DC65293B1FF7087C001D3F7C /* lvl_7.png */; };
		DC6529401FF7087E001D3F7C /* lvl_6.png in Resources */ = {isa = PBXBuildFile; fileRef = DC65293C1FF7087C001D3F7C /* lvl_6.png */; };
		DC6529411FF7087E001D3F7C /* lvl_5.png in Resources */ = {isa = PBXBuildFile; fileRef = DC65293D1FF7087D001D3F7C /* lvl_5.png */; };
		DC6529451FF713F5001D3F7C /* app icon.png in Resources */ = {isa = PBXBuildFile; fileRef = DC6529441FF713F4001D3F7C /* app icon.png */; };
		DC65295E1FF879C4001D3F7C /* 120.png in Resources */ = {isa = PBXBuildFile; fileRef = DC65295C1FF879C4001D3F7C /* 120.png */; };
		DC6529611FF879CA001D3F7C /* 180.png in Resources */ = {isa = PBXBuildFile; fileRef = DC65295F1FF879CA001D3F7C /* 180.png */; };
		DC65296D1FF87BC2001D3F7C /* 152.png in Resources */ = {isa = PBXBuildFile; fileRef = DC6529631FF87BC1001D3F7C /* 152.png */; };
		DC65296E1FF87BC2001D3F7C /* 58.png in Resources */ = {isa = PBXBuildFile; fileRef = DC6529641FF87BC1001D3F7C /* 58.png */; };
		DC65296F1FF87BC2001D3F7C /* 76.png in Resources */ = {isa = PBXBuildFile; fileRef = DC6529651FF87BC1001D3F7C /* 76.png */; };
		DC6529701FF87BC2001D3F7C /* 167.png in Resources */ = {isa = PBXBuildFile; fileRef = DC6529661FF87BC2001D3F7C /* 167.png */; };
		DC6529711FF87BC2001D3F7C /* 80.png in Resources */ = {isa = PBXBuildFile; fileRef = DC6529671FF87BC2001D3F7C /* 80.png */; };
		DC6529721FF87BC2001D3F7C /* 40.png in Resources */ = {isa = PBXBuildFile; fileRef = DC6529681FF87BC2001D3F7C /* 40.png */; };
		DC6529731FF87BC2001D3F7C /* 29.png in Resources */ = {isa = PBXBuildFile; fileRef = DC6529691FF87BC2001D3F7C /* 29.png */; };
		DC6529741FF87BC2001D3F7C /* 87.png in Resources */ = {isa = PBXBuildFile; fileRef = DC65296A1FF87BC2001D3F7C /* 87.png */; };
		DC6529751FF87BC2001D3F7C /* 60.png in Resources */ = {isa = PBXBuildFile; fileRef = DC65296B1FF87BC2001D3F7C /* 60.png */; };
		DC6529761FF87BC2001D3F7C /* 1024.png in Resources */ = {isa = PBXBuildFile; fileRef = DC65296C1FF87BC2001D3F7C /* 1024.png */; };
		DC6529781FF87C5E001D3F7C /* 20.png in Resources */ = {isa = PBXBuildFile; fileRef = DC6529771FF87C5E001D3F7C /* 20.png */; };
		DC65297A1FF87D83001D3F7C /* info.png in Resources */ = {isa = PBXBuildFile; fileRef = DC6529791FF87D83001D3F7C /* info.png */; };
		DC65297C1FF88725001D3F7C /* instruction2.png in Resources */ = {isa = PBXBuildFile; fileRef = DC65297B1FF88724001D3F7C /* instruction2.png */; };
		DCB50B461FEAFC6200F5EDE5 /* AppDelegate.swift in Sources */ = {isa = PBXBuildFile; fileRef = DCB50B451FEAFC6200F5EDE5 /* AppDelegate.swift */; };
		DCB50B481FEAFC6200F5EDE5 /* ViewController.swift in Sources */ = {isa = PBXBuildFile; fileRef = DCB50B471FEAFC6200F5EDE5 /* ViewController.swift */; };
		DCB50B4B1FEAFC6200F5EDE5 /* Main.storyboard in Resources */ = {isa = PBXBuildFile; fileRef = DCB50B491FEAFC6200F5EDE5 /* Main.storyboard */; };
		DCB50B4D1FEAFC6200F5EDE5 /* Assets.xcassets in Resources */ = {isa = PBXBuildFile; fileRef = DCB50B4C1FEAFC6200F5EDE5 /* Assets.xcassets */; };
		DCB50B501FEAFC6200F5EDE5 /* LaunchScreen.storyboard in Resources */ = {isa = PBXBuildFile; fileRef = DCB50B4E1FEAFC6200F5EDE5 /* LaunchScreen.storyboard */; };
		DCB50B5B1FEAFC6200F5EDE5 /* ThrowMETests.swift in Sources */ = {isa = PBXBuildFile; fileRef = DCB50B5A1FEAFC6200F5EDE5 /* ThrowMETests.swift */; };
		DCB50B661FEAFC6200F5EDE5 /* ThrowMEUITests.swift in Sources */ = {isa = PBXBuildFile; fileRef = DCB50B651FEAFC6200F5EDE5 /* ThrowMEUITests.swift */; };
/* End PBXBuildFile section */

/* Begin PBXContainerItemProxy section */
		DCB50B571FEAFC6200F5EDE5 /* PBXContainerItemProxy */ = {
			isa = PBXContainerItemProxy;
			containerPortal = DCB50B3A1FEAFC6100F5EDE5 /* Project object */;
			proxyType = 1;
			remoteGlobalIDString = DCB50B411FEAFC6100F5EDE5;
			remoteInfo = ThrowME;
		};
		DCB50B621FEAFC6200F5EDE5 /* PBXContainerItemProxy */ = {
			isa = PBXContainerItemProxy;
			containerPortal = DCB50B3A1FEAFC6100F5EDE5 /* Project object */;
			proxyType = 1;
			remoteGlobalIDString = DCB50B411FEAFC6100F5EDE5;
			remoteInfo = ThrowME;
		};
/* End PBXContainerItemProxy section */

/* Begin PBXFileReference section */
		DC6528B81FEDAB70001D3F7C /* phone.PNG */ = {isa = PBXFileReference; lastKnownFileType = image.png; name = phone.PNG; path = ../../../../../Downloads/phone.PNG; sourceTree = "<group>"; };
		DC6528C81FEDC1DD001D3F7C /* wait_for_press.png */ = {isa = PBXFileReference; lastKnownFileType = image.png; path = wait_for_press.png; sourceTree = "<group>"; };
		DC6528C91FEDC1DE001D3F7C /* wait_for_stable.png */ = {isa = PBXFileReference; lastKnownFileType = image.png; path = wait_for_stable.png; sourceTree = "<group>"; };
		DC6528CA1FEDC1DE001D3F7C /* wait_for_throw.png */ = {isa = PBXFileReference; lastKnownFileType = image.png; path = wait_for_throw.png; sourceTree = "<group>"; };
		DC6528CE1FEDD0C9001D3F7C /* wifi_medium.png */ = {isa = PBXFileReference; lastKnownFileType = image.png; path = wifi_medium.png; sourceTree = "<group>"; };
		DC6528CF1FEDD0CA001D3F7C /* wifi_high.png */ = {isa = PBXFileReference; lastKnownFileType = image.png; path = wifi_high.png; sourceTree = "<group>"; };
		DC6528D01FEDD0CA001D3F7C /* wifi_low.png */ = {isa = PBXFileReference; lastKnownFileType = image.png; path = wifi_low.png; sourceTree = "<group>"; };
		DC6528D61FEED5F6001D3F7C /* start_button.png */ = {isa = PBXFileReference; lastKnownFileType = image.png; path = start_button.png; sourceTree = "<group>"; };
		DC6528D81FF01515001D3F7C /* info_icon.png */ = {isa = PBXFileReference; lastKnownFileType = image.png; path = info_icon.png; sourceTree = "<group>"; };
		DC6528D91FF01517001D3F7C /* refresh_icon.png */ = {isa = PBXFileReference; lastKnownFileType = image.png; path = refresh_icon.png; sourceTree = "<group>"; };
		DC6528DC1FF01B70001D3F7C /* check.png */ = {isa = PBXFileReference; lastKnownFileType = image.png; path = check.png; sourceTree = "<group>"; };
		DC6528DD1FF01B71001D3F7C /* refresh.png */ = {isa = PBXFileReference; lastKnownFileType = image.png; path = refresh.png; sourceTree = "<group>"; };
		DC6528E01FF09463001D3F7C /* round_check.png */ = {isa = PBXFileReference; lastKnownFileType = image.png; path = round_check.png; sourceTree = "<group>"; };
		DC6528E11FF09463001D3F7C /* round_fresh.png */ = {isa = PBXFileReference; lastKnownFileType = image.png; path = round_fresh.png; sourceTree = "<group>"; };
		DC6528E41FF0B302001D3F7C /* round_refresh_2.png */ = {isa = PBXFileReference; lastKnownFileType = image.png; path = round_refresh_2.png; sourceTree = "<group>"; };
		DC6528E61FF0B307001D3F7C /* round_check_2.png */ = {isa = PBXFileReference; lastKnownFileType = image.png; path = round_check_2.png; sourceTree = "<group>"; };
		DC6528F41FF2CD2A001D3F7C /* instruction.png */ = {isa = PBXFileReference; lastKnownFileType = image.png; path = instruction.png; sourceTree = "<group>"; };
		DC6528F61FF2CE5C001D3F7C /* InfoViewController.swift */ = {isa = PBXFileReference; lastKnownFileType = sourcecode.swift; path = InfoViewController.swift; sourceTree = "<group>"; };
		DC6529021FF463E2001D3F7C /* cmd.png */ = {isa = PBXFileReference; lastKnownFileType = image.png; path = cmd.png; sourceTree = "<group>"; };
		DC6529041FF48308001D3F7C /* Singleton.swift */ = {isa = PBXFileReference; lastKnownFileType = sourcecode.swift; path = Singleton.swift; sourceTree = "<group>"; };
		DC6529061FF483D2001D3F7C /* ResultViewController.swift */ = {isa = PBXFileReference; lastKnownFileType = sourcecode.swift; path = ResultViewController.swift; sourceTree = "<group>"; };
		DC65290C1FF4C1D2001D3F7C /* goback.png */ = {isa = PBXFileReference; lastKnownFileType = image.png; path = goback.png; sourceTree = "<group>"; };
		DC65290D1FF4C1D2001D3F7C /* download.png */ = {isa = PBXFileReference; lastKnownFileType = image.png; path = download.png; sourceTree = "<group>"; };
		DC6529101FF5A84A001D3F7C /* bar_high.png */ = {isa = PBXFileReference; lastKnownFileType = image.png; path = bar_high.png; sourceTree = "<group>"; };
		DC6529111FF5A84A001D3F7C /* bar_medium.png */ = {isa = PBXFileReference; lastKnownFileType = image.png; path = bar_medium.png; sourceTree = "<group>"; };
		DC6529121FF5A84B001D3F7C /* bar_low.png */ = {isa = PBXFileReference; lastKnownFileType = image.png; path = bar_low.png; sourceTree = "<group>"; };
		DC65291A1FF5ABDB001D3F7C /* goback2.png */ = {isa = PBXFileReference; lastKnownFileType = image.png; path = goback2.png; sourceTree = "<group>"; };
		DC65291B1FF5ABDB001D3F7C /* download2.png */ = {isa = PBXFileReference; lastKnownFileType = image.png; path = download2.png; sourceTree = "<group>"; };
		DC65291E1FF5DD63001D3F7C /* cong.png */ = {isa = PBXFileReference; lastKnownFileType = image.png; path = cong.png; sourceTree = "<group>"; };
		DC6529221FF5F58C001D3F7C /* lvl_3.png */ = {isa = PBXFileReference; lastKnownFileType = image.png; path = lvl_3.png; sourceTree = "<group>"; };
		DC6529231FF5F58D001D3F7C /* lvl_4.png */ = {isa = PBXFileReference; lastKnownFileType = image.png; path = lvl_4.png; sourceTree = "<group>"; };
		DC6529241FF5F58D001D3F7C /* lvl_1.png */ = {isa = PBXFileReference; lastKnownFileType = image.png; path = lvl_1.png; sourceTree = "<group>"; };
		DC6529251FF5F58D001D3F7C /* lvl_2.png */ = {isa = PBXFileReference; lastKnownFileType = image.png; path = lvl_2.png; sourceTree = "<group>"; };
		DC65293A1FF7087C001D3F7C /* lvl_fi.png */ = {isa = PBXFileReference; lastKnownFileType = image.png; path = lvl_fi.png; sourceTree = "<group>"; };
		DC65293B1FF7087C001D3F7C /* lvl_7.png */ = {isa = PBXFileReference; lastKnownFileType = image.png; path = lvl_7.png; sourceTree = "<group>"; };
		DC65293C1FF7087C001D3F7C /* lvl_6.png */ = {isa = PBXFileReference; lastKnownFileType = image.png; path = lvl_6.png; sourceTree = "<group>"; };
		DC65293D1FF7087D001D3F7C /* lvl_5.png */ = {isa = PBXFileReference; lastKnownFileType = image.png; path = lvl_5.png; sourceTree = "<group>"; };
		DC6529441FF713F4001D3F7C /* app icon.png */ = {isa = PBXFileReference; lastKnownFileType = image.png; path = "app icon.png"; sourceTree = "<group>"; };
		DC65295C1FF879C4001D3F7C /* 120.png */ = {isa = PBXFileReference; lastKnownFileType = image.png; path = 120.png; sourceTree = "<group>"; };
		DC65295F1FF879CA001D3F7C /* 180.png */ = {isa = PBXFileReference; lastKnownFileType = image.png; path = 180.png; sourceTree = "<group>"; };
		DC6529631FF87BC1001D3F7C /* 152.png */ = {isa = PBXFileReference; lastKnownFileType = image.png; path = 152.png; sourceTree = "<group>"; };
		DC6529641FF87BC1001D3F7C /* 58.png */ = {isa = PBXFileReference; lastKnownFileType = image.png; path = 58.png; sourceTree = "<group>"; };
		DC6529651FF87BC1001D3F7C /* 76.png */ = {isa = PBXFileReference; lastKnownFileType = image.png; path = 76.png; sourceTree = "<group>"; };
		DC6529661FF87BC2001D3F7C /* 167.png */ = {isa = PBXFileReference; lastKnownFileType = image.png; path = 167.png; sourceTree = "<group>"; };
		DC6529671FF87BC2001D3F7C /* 80.png */ = {isa = PBXFileReference; lastKnownFileType = image.png; path = 80.png; sourceTree = "<group>"; };
		DC6529681FF87BC2001D3F7C /* 40.png */ = {isa = PBXFileReference; lastKnownFileType = image.png; path = 40.png; sourceTree = "<group>"; };
		DC6529691FF87BC2001D3F7C /* 29.png */ = {isa = PBXFileReference; lastKnownFileType = image.png; path = 29.png; sourceTree = "<group>"; };
		DC65296A1FF87BC2001D3F7C /* 87.png */ = {isa = PBXFileReference; lastKnownFileType = image.png; path = 87.png; sourceTree = "<group>"; };
		DC65296B1FF87BC2001D3F7C /* 60.png */ = {isa = PBXFileReference; lastKnownFileType = image.png; path = 60.png; sourceTree = "<group>"; };
		DC65296C1FF87BC2001D3F7C /* 1024.png */ = {isa = PBXFileReference; lastKnownFileType = image.png; path = 1024.png; sourceTree = "<group>"; };
		DC6529771FF87C5E001D3F7C /* 20.png */ = {isa = PBXFileReference; lastKnownFileType = image.png; path = 20.png; sourceTree = "<group>"; };
		DC6529791FF87D83001D3F7C /* info.png */ = {isa = PBXFileReference; lastKnownFileType = image.png; path = info.png; sourceTree = "<group>"; };
		DC65297B1FF88724001D3F7C /* instruction2.png */ = {isa = PBXFileReference; lastKnownFileType = image.png; path = instruction2.png; sourceTree = "<group>"; };
		DCB50B421FEAFC6100F5EDE5 /* ThrowME.app */ = {isa = PBXFileReference; explicitFileType = wrapper.application; includeInIndex = 0; path = ThrowME.app; sourceTree = BUILT_PRODUCTS_DIR; };
		DCB50B451FEAFC6200F5EDE5 /* AppDelegate.swift */ = {isa = PBXFileReference; lastKnownFileType = sourcecode.swift; path = AppDelegate.swift; sourceTree = "<group>"; };
		DCB50B471FEAFC6200F5EDE5 /* ViewController.swift */ = {isa = PBXFileReference; lastKnownFileType = sourcecode.swift; path = ViewController.swift; sourceTree = "<group>"; };
		DCB50B4A1FEAFC6200F5EDE5 /* Base */ = {isa = PBXFileReference; lastKnownFileType = file.storyboard; name = Base; path = Base.lproj/Main.storyboard; sourceTree = "<group>"; };
		DCB50B4C1FEAFC6200F5EDE5 /* Assets.xcassets */ = {isa = PBXFileReference; lastKnownFileType = folder.assetcatalog; path = Assets.xcassets; sourceTree = "<group>"; };
		DCB50B4F1FEAFC6200F5EDE5 /* Base */ = {isa = PBXFileReference; lastKnownFileType = file.storyboard; name = Base; path = Base.lproj/LaunchScreen.storyboard; sourceTree = "<group>"; };
		DCB50B511FEAFC6200F5EDE5 /* Info.plist */ = {isa = PBXFileReference; lastKnownFileType = text.plist.xml; path = Info.plist; sourceTree = "<group>"; };
		DCB50B561FEAFC6200F5EDE5 /* ThrowMETests.xctest */ = {isa = PBXFileReference; explicitFileType = wrapper.cfbundle; includeInIndex = 0; path = ThrowMETests.xctest; sourceTree = BUILT_PRODUCTS_DIR; };
		DCB50B5A1FEAFC6200F5EDE5 /* ThrowMETests.swift */ = {isa = PBXFileReference; lastKnownFileType = sourcecode.swift; path = ThrowMETests.swift; sourceTree = "<group>"; };
		DCB50B5C1FEAFC6200F5EDE5 /* Info.plist */ = {isa = PBXFileReference; lastKnownFileType = text.plist.xml; path = Info.plist; sourceTree = "<group>"; };
		DCB50B611FEAFC6200F5EDE5 /* ThrowMEUITests.xctest */ = {isa = PBXFileReference; explicitFileType = wrapper.cfbundle; includeInIndex = 0; path = ThrowMEUITests.xctest; sourceTree = BUILT_PRODUCTS_DIR; };
		DCB50B651FEAFC6200F5EDE5 /* ThrowMEUITests.swift */ = {isa = PBXFileReference; lastKnownFileType = sourcecode.swift; path = ThrowMEUITests.swift; sourceTree = "<group>"; };
		DCB50B671FEAFC6200F5EDE5 /* Info.plist */ = {isa = PBXFileReference; lastKnownFileType = text.plist.xml; path = Info.plist; sourceTree = "<group>"; };
/* End PBXFileReference section */

/* Begin PBXFrameworksBuildPhase section */
		DCB50B3F1FEAFC6100F5EDE5 /* Frameworks */ = {
			isa = PBXFrameworksBuildPhase;
			buildActionMask = 2147483647;
			files = (
			);
			runOnlyForDeploymentPostprocessing = 0;
		};
		DCB50B531FEAFC6200F5EDE5 /* Frameworks */ = {
			isa = PBXFrameworksBuildPhase;
			buildActionMask = 2147483647;
			files = (
			);
			runOnlyForDeploymentPostprocessing = 0;
		};
		DCB50B5E1FEAFC6200F5EDE5 /* Frameworks */ = {
			isa = PBXFrameworksBuildPhase;
			buildActionMask = 2147483647;
			files = (
			);
			runOnlyForDeploymentPostprocessing = 0;
		};
/* End PBXFrameworksBuildPhase section */

/* Begin PBXGroup section */
		DC6528B71FEDAB61001D3F7C /* pic */ = {
			isa = PBXGroup;
			children = (
				DC6529441FF713F4001D3F7C /* app icon.png */,
				DC65293D1FF7087D001D3F7C /* lvl_5.png */,
				DC6529791FF87D83001D3F7C /* info.png */,
				DC65293C1FF7087C001D3F7C /* lvl_6.png */,
				DC65293B1FF7087C001D3F7C /* lvl_7.png */,
				DC65293A1FF7087C001D3F7C /* lvl_fi.png */,
				DC6529241FF5F58D001D3F7C /* lvl_1.png */,
				DC6529251FF5F58D001D3F7C /* lvl_2.png */,
				DC6529221FF5F58C001D3F7C /* lvl_3.png */,
				DC6529231FF5F58D001D3F7C /* lvl_4.png */,
				DC65291E1FF5DD63001D3F7C /* cong.png */,
				DC65291B1FF5ABDB001D3F7C /* download2.png */,
				DC65291A1FF5ABDB001D3F7C /* goback2.png */,
				DC6529101FF5A84A001D3F7C /* bar_high.png */,
				DC6529121FF5A84B001D3F7C /* bar_low.png */,
				DC6529111FF5A84A001D3F7C /* bar_medium.png */,
				DC65290D1FF4C1D2001D3F7C /* download.png */,
				DC65290C1FF4C1D2001D3F7C /* goback.png */,
				DC6529021FF463E2001D3F7C /* cmd.png */,
				DC65297B1FF88724001D3F7C /* instruction2.png */,
				DC6528F41FF2CD2A001D3F7C /* instruction.png */,
				DC6528E61FF0B307001D3F7C /* round_check_2.png */,
				DC6528E41FF0B302001D3F7C /* round_refresh_2.png */,
				DC6528DC1FF01B70001D3F7C /* check.png */,
				DC6528E01FF09463001D3F7C /* round_check.png */,
				DC6528E11FF09463001D3F7C /* round_fresh.png */,
				DC6528DD1FF01B71001D3F7C /* refresh.png */,
				DC6528D81FF01515001D3F7C /* info_icon.png */,
				DC6528D91FF01517001D3F7C /* refresh_icon.png */,
				DC6528D61FEED5F6001D3F7C /* start_button.png */,
				DC6528CF1FEDD0CA001D3F7C /* wifi_high.png */,
				DC6528D01FEDD0CA001D3F7C /* wifi_low.png */,
				DC6528CE1FEDD0C9001D3F7C /* wifi_medium.png */,
				DC6528C81FEDC1DD001D3F7C /* wait_for_press.png */,
				DC6528C91FEDC1DE001D3F7C /* wait_for_stable.png */,
				DC6528CA1FEDC1DE001D3F7C /* wait_for_throw.png */,
				DC6528B81FEDAB70001D3F7C /* phone.PNG */,
			);
			path = pic;
			sourceTree = "<group>";
		};
		DC6529461FF71868001D3F7C /* icon */ = {
			isa = PBXGroup;
			children = (
				DC65295F1FF879CA001D3F7C /* 180.png */,
				DC65295C1FF879C4001D3F7C /* 120.png */,
				DC6529771FF87C5E001D3F7C /* 20.png */,
				DC6529691FF87BC2001D3F7C /* 29.png */,
				DC6529681FF87BC2001D3F7C /* 40.png */,
				DC6529641FF87BC1001D3F7C /* 58.png */,
				DC65296B1FF87BC2001D3F7C /* 60.png */,
				DC6529651FF87BC1001D3F7C /* 76.png */,
				DC6529671FF87BC2001D3F7C /* 80.png */,
				DC65296A1FF87BC2001D3F7C /* 87.png */,
				DC6529631FF87BC1001D3F7C /* 152.png */,
				DC6529661FF87BC2001D3F7C /* 167.png */,
				DC65296C1FF87BC2001D3F7C /* 1024.png */,
			);
			path = icon;
			sourceTree = "<group>";
		};
		DCB50B391FEAFC6100F5EDE5 = {
			isa = PBXGroup;
			children = (
				DCB50B441FEAFC6100F5EDE5 /* ThrowME */,
				DCB50B591FEAFC6200F5EDE5 /* ThrowMETests */,
				DCB50B641FEAFC6200F5EDE5 /* ThrowMEUITests */,
				DCB50B431FEAFC6100F5EDE5 /* Products */,
			);
			sourceTree = "<group>";
		};
		DCB50B431FEAFC6100F5EDE5 /* Products */ = {
			isa = PBXGroup;
			children = (
				DCB50B421FEAFC6100F5EDE5 /* ThrowME.app */,
				DCB50B561FEAFC6200F5EDE5 /* ThrowMETests.xctest */,
				DCB50B611FEAFC6200F5EDE5 /* ThrowMEUITests.xctest */,
			);
			name = Products;
			sourceTree = "<group>";
		};
		DCB50B441FEAFC6100F5EDE5 /* ThrowME */ = {
			isa = PBXGroup;
			children = (
				DC6529461FF71868001D3F7C /* icon */,
				DC6528B71FEDAB61001D3F7C /* pic */,
				DCB50B451FEAFC6200F5EDE5 /* AppDelegate.swift */,
				DCB50B471FEAFC6200F5EDE5 /* ViewController.swift */,
				DC6528F61FF2CE5C001D3F7C /* InfoViewController.swift */,
				DC6529061FF483D2001D3F7C /* ResultViewController.swift */,
				DCB50B491FEAFC6200F5EDE5 /* Main.storyboard */,
				DCB50B4C1FEAFC6200F5EDE5 /* Assets.xcassets */,
				DCB50B4E1FEAFC6200F5EDE5 /* LaunchScreen.storyboard */,
				DCB50B511FEAFC6200F5EDE5 /* Info.plist */,
				DC6529041FF48308001D3F7C /* Singleton.swift */,
			);
			path = ThrowME;
			sourceTree = "<group>";
		};
		DCB50B591FEAFC6200F5EDE5 /* ThrowMETests */ = {
			isa = PBXGroup;
			children = (
				DCB50B5A1FEAFC6200F5EDE5 /* ThrowMETests.swift */,
				DCB50B5C1FEAFC6200F5EDE5 /* Info.plist */,
			);
			path = ThrowMETests;
			sourceTree = "<group>";
		};
		DCB50B641FEAFC6200F5EDE5 /* ThrowMEUITests */ = {
			isa = PBXGroup;
			children = (
				DCB50B651FEAFC6200F5EDE5 /* ThrowMEUITests.swift */,
				DCB50B671FEAFC6200F5EDE5 /* Info.plist */,
			);
			path = ThrowMEUITests;
			sourceTree = "<group>";
		};
/* End PBXGroup section */

/* Begin PBXNativeTarget section */
		DCB50B411FEAFC6100F5EDE5 /* ThrowME */ = {
			isa = PBXNativeTarget;
			buildConfigurationList = DCB50B6A1FEAFC6200F5EDE5 /* Build configuration list for PBXNativeTarget "ThrowME" */;
			buildPhases = (
				DCB50B3E1FEAFC6100F5EDE5 /* Sources */,
				DCB50B3F1FEAFC6100F5EDE5 /* Frameworks */,
				DCB50B401FEAFC6100F5EDE5 /* Resources */,
			);
			buildRules = (
			);
			dependencies = (
			);
			name = ThrowME;
			productName = ThrowME;
			productReference = DCB50B421FEAFC6100F5EDE5 /* ThrowME.app */;
			productType = "com.apple.product-type.application";
		};
		DCB50B551FEAFC6200F5EDE5 /* ThrowMETests */ = {
			isa = PBXNativeTarget;
			buildConfigurationList = DCB50B6D1FEAFC6200F5EDE5 /* Build configuration list for PBXNativeTarget "ThrowMETests" */;
			buildPhases = (
				DCB50B521FEAFC6200F5EDE5 /* Sources */,
				DCB50B531FEAFC6200F5EDE5 /* Frameworks */,
				DCB50B541FEAFC6200F5EDE5 /* Resources */,
			);
			buildRules = (
			);
			dependencies = (
				DCB50B581FEAFC6200F5EDE5 /* PBXTargetDependency */,
			);
			name = ThrowMETests;
			productName = ThrowMETests;
			productReference = DCB50B561FEAFC6200F5EDE5 /* ThrowMETests.xctest */;
			productType = "com.apple.product-type.bundle.unit-test";
		};
		DCB50B601FEAFC6200F5EDE5 /* ThrowMEUITests */ = {
			isa = PBXNativeTarget;
			buildConfigurationList = DCB50B701FEAFC6200F5EDE5 /* Build configuration list for PBXNativeTarget "ThrowMEUITests" */;
			buildPhases = (
				DCB50B5D1FEAFC6200F5EDE5 /* Sources */,
				DCB50B5E1FEAFC6200F5EDE5 /* Frameworks */,
				DCB50B5F1FEAFC6200F5EDE5 /* Resources */,
			);
			buildRules = (
			);
			dependencies = (
				DCB50B631FEAFC6200F5EDE5 /* PBXTargetDependency */,
			);
			name = ThrowMEUITests;
			productName = ThrowMEUITests;
			productReference = DCB50B611FEAFC6200F5EDE5 /* ThrowMEUITests.xctest */;
			productType = "com.apple.product-type.bundle.ui-testing";
		};
/* End PBXNativeTarget section */

/* Begin PBXProject section */
		DCB50B3A1FEAFC6100F5EDE5 /* Project object */ = {
			isa = PBXProject;
			attributes = {
				LastSwiftUpdateCheck = 0920;
				LastUpgradeCheck = 0920;
				ORGANIZATIONNAME = "Zifan  Yang";
				TargetAttributes = {
					DCB50B411FEAFC6100F5EDE5 = {
						CreatedOnToolsVersion = 9.2;
						ProvisioningStyle = Automatic;
					};
					DCB50B551FEAFC6200F5EDE5 = {
						CreatedOnToolsVersion = 9.2;
						ProvisioningStyle = Automatic;
						TestTargetID = DCB50B411FEAFC6100F5EDE5;
					};
					DCB50B601FEAFC6200F5EDE5 = {
						CreatedOnToolsVersion = 9.2;
						ProvisioningStyle = Automatic;
						TestTargetID = DCB50B411FEAFC6100F5EDE5;
					};
				};
			};
			buildConfigurationList = DCB50B3D1FEAFC6100F5EDE5 /* Build configuration list for PBXProject "ThrowME" */;
			compatibilityVersion = "Xcode 8.0";
			developmentRegion = en;
			hasScannedForEncodings = 0;
			knownRegions = (
				en,
				Base,
			);
			mainGroup = DCB50B391FEAFC6100F5EDE5;
			productRefGroup = DCB50B431FEAFC6100F5EDE5 /* Products */;
			projectDirPath = "";
			projectRoot = "";
			targets = (
				DCB50B411FEAFC6100F5EDE5 /* ThrowME */,
				DCB50B551FEAFC6200F5EDE5 /* ThrowMETests */,
				DCB50B601FEAFC6200F5EDE5 /* ThrowMEUITests */,
			);
		};
/* End PBXProject section */

/* Begin PBXResourcesBuildPhase section */
		DCB50B401FEAFC6100F5EDE5 /* Resources */ = {
			isa = PBXResourcesBuildPhase;
			buildActionMask = 2147483647;
			files = (
				DC6529611FF879CA001D3F7C /* 180.png in Resources */,
				DC6529741FF87BC2001D3F7C /* 87.png in Resources */,
				DC6528CB1FEDC1DE001D3F7C /* wait_for_press.png in Resources */,
				DC65290F1FF4C1D3001D3F7C /* download.png in Resources */,
				DC6528E51FF0B302001D3F7C /* round_refresh_2.png in Resources */,
				DC65291F1FF5DD63001D3F7C /* cong.png in Resources */,
				DC6529721FF87BC2001D3F7C /* 40.png in Resources */,
				DC6529261FF5F58E001D3F7C /* lvl_3.png in Resources */,
				DC6528D31FEDD0CA001D3F7C /* wifi_low.png in Resources */,
				DC6529761FF87BC2001D3F7C /* 1024.png in Resources */,
				DC6529031FF463E2001D3F7C /* cmd.png in Resources */,
				DC65297A1FF87D83001D3F7C /* info.png in Resources */,
				DC6528DE1FF01B71001D3F7C /* check.png in Resources */,
				DC6528F51FF2CD2B001D3F7C /* instruction.png in Resources */,
				DC65291D1FF5ABDC001D3F7C /* download2.png in Resources */,
				DC6528D11FEDD0CA001D3F7C /* wifi_medium.png in Resources */,
				DC6529701FF87BC2001D3F7C /* 167.png in Resources */,
				DC65293F1FF7087E001D3F7C /* lvl_7.png in Resources */,
				DC6528E31FF09463001D3F7C /* round_fresh.png in Resources */,
				DC6528DF1FF01B71001D3F7C /* refresh.png in Resources */,
				DC6528DB1FF01517001D3F7C /* refresh_icon.png in Resources */,
				DC6528CC1FEDC1DE001D3F7C /* wait_for_stable.png in Resources */,
				DC6528E21FF09463001D3F7C /* round_check.png in Resources */,
				DC6529291FF5F58E001D3F7C /* lvl_2.png in Resources */,
				DC6529451FF713F5001D3F7C /* app icon.png in Resources */,
				DC65295E1FF879C4001D3F7C /* 120.png in Resources */,
				DC65293E1FF7087E001D3F7C /* lvl_fi.png in Resources */,
				DC6529751FF87BC2001D3F7C /* 60.png in Resources */,
				DC65291C1FF5ABDC001D3F7C /* goback2.png in Resources */,
				DC6528DA1FF01517001D3F7C /* info_icon.png in Resources */,
				DC6529411FF7087E001D3F7C /* lvl_5.png in Resources */,
				DC6529141FF5A84B001D3F7C /* bar_medium.png in Resources */,
				DC6529271FF5F58E001D3F7C /* lvl_4.png in Resources */,
				DC6528D71FEED5F6001D3F7C /* start_button.png in Resources */,
				DC6529711FF87BC2001D3F7C /* 80.png in Resources */,
				DCB50B501FEAFC6200F5EDE5 /* LaunchScreen.storyboard in Resources */,
				DC65296E1FF87BC2001D3F7C /* 58.png in Resources */,
				DCB50B4D1FEAFC6200F5EDE5 /* Assets.xcassets in Resources */,
				DC6529151FF5A84B001D3F7C /* bar_low.png in Resources */,
				DC6528D21FEDD0CA001D3F7C /* wifi_high.png in Resources */,
				DC6529781FF87C5E001D3F7C /* 20.png in Resources */,
				DC6529731FF87BC2001D3F7C /* 29.png in Resources */,
				DC65297C1FF88725001D3F7C /* instruction2.png in Resources */,
				DC6528B91FEDAB70001D3F7C /* phone.PNG in Resources */,
				DC65296F1FF87BC2001D3F7C /* 76.png in Resources */,
				DC6529281FF5F58E001D3F7C /* lvl_1.png in Resources */,
				DC6529131FF5A84B001D3F7C /* bar_high.png in Resources */,
				DC65296D1FF87BC2001D3F7C /* 152.png in Resources */,
				DC6529401FF7087E001D3F7C /* lvl_6.png in Resources */,
				DC65290E1FF4C1D3001D3F7C /* goback.png in Resources */,
				DCB50B4B1FEAFC6200F5EDE5 /* Main.storyboard in Resources */,
				DC6528E71FF0B307001D3F7C /* round_check_2.png in Resources */,
				DC6528CD1FEDC1DE001D3F7C /* wait_for_throw.png in Resources */,
			);
			runOnlyForDeploymentPostprocessing = 0;
		};
		DCB50B541FEAFC6200F5EDE5 /* Resources */ = {
			isa = PBXResourcesBuildPhase;
			buildActionMask = 2147483647;
			files = (
			);
			runOnlyForDeploymentPostprocessing = 0;
		};
		DCB50B5F1FEAFC6200F5EDE5 /* Resources */ = {
			isa = PBXResourcesBuildPhase;
			buildActionMask = 2147483647;
			files = (
			);
			runOnlyForDeploymentPostprocessing = 0;
		};
/* End PBXResourcesBuildPhase section */

/* Begin PBXSourcesBuildPhase section */
		DCB50B3E1FEAFC6100F5EDE5 /* Sources */ = {
			isa = PBXSourcesBuildPhase;
			buildActionMask = 2147483647;
			files = (
				DC6529071FF483D2001D3F7C /* ResultViewController.swift in Sources */,
				DCB50B481FEAFC6200F5EDE5 /* ViewController.swift in Sources */,
				DC6529051FF48308001D3F7C /* Singleton.swift in Sources */,
				DC6528F71FF2CE5C001D3F7C /* InfoViewController.swift in Sources */,
				DCB50B461FEAFC6200F5EDE5 /* AppDelegate.swift in Sources */,
			);
			runOnlyForDeploymentPostprocessing = 0;
		};
		DCB50B521FEAFC6200F5EDE5 /* Sources */ = {
			isa = PBXSourcesBuildPhase;
			buildActionMask = 2147483647;
			files = (
				DCB50B5B1FEAFC6200F5EDE5 /* ThrowMETests.swift in Sources */,
			);
			runOnlyForDeploymentPostprocessing = 0;
		};
		DCB50B5D1FEAFC6200F5EDE5 /* Sources */ = {
			isa = PBXSourcesBuildPhase;
			buildActionMask = 2147483647;
			files = (
				DCB50B661FEAFC6200F5EDE5 /* ThrowMEUITests.swift in Sources */,
			);
			runOnlyForDeploymentPostprocessing = 0;
		};
/* End PBXSourcesBuildPhase section */

/* Begin PBXTargetDependency section */
		DCB50B581FEAFC6200F5EDE5 /* PBXTargetDependency */ = {
			isa = PBXTargetDependency;
			target = DCB50B411FEAFC6100F5EDE5 /* ThrowME */;
			targetProxy = DCB50B571FEAFC6200F5EDE5 /* PBXContainerItemProxy */;
		};
		DCB50B631FEAFC6200F5EDE5 /* PBXTargetDependency */ = {
			isa = PBXTargetDependency;
			target = DCB50B411FEAFC6100F5EDE5 /* ThrowME */;
			targetProxy = DCB50B621FEAFC6200F5EDE5 /* PBXContainerItemProxy */;
		};
/* End PBXTargetDependency section */

/* Begin PBXVariantGroup section */
		DCB50B491FEAFC6200F5EDE5 /* Main.storyboard */ = {
			isa = PBXVariantGroup;
			children = (
				DCB50B4A1FEAFC6200F5EDE5 /* Base */,
			);
			name = Main.storyboard;
			sourceTree = "<group>";
		};
		DCB50B4E1FEAFC6200F5EDE5 /* LaunchScreen.storyboard */ = {
			isa = PBXVariantGroup;
			children = (
				DCB50B4F1FEAFC6200F5EDE5 /* Base */,
			);
			name = LaunchScreen.storyboard;
			sourceTree = "<group>";
		};
/* End PBXVariantGroup section */

/* Begin XCBuildConfiguration section */
		DCB50B681FEAFC6200F5EDE5 /* Debug */ = {
			isa = XCBuildConfiguration;
			buildSettings = {
				ALWAYS_SEARCH_USER_PATHS = NO;
				CLANG_ANALYZER_NONNULL = YES;
				CLANG_ANALYZER_NUMBER_OBJECT_CONVERSION = YES_AGGRESSIVE;
				CLANG_CXX_LANGUAGE_STANDARD = "gnu++14";
				CLANG_CXX_LIBRARY = "libc++";
				CLANG_ENABLE_MODULES = YES;
				CLANG_ENABLE_OBJC_ARC = YES;
				CLANG_WARN_BLOCK_CAPTURE_AUTORELEASING = YES;
				CLANG_WARN_BOOL_CONVERSION = YES;
				CLANG_WARN_COMMA = YES;
				CLANG_WARN_CONSTANT_CONVERSION = YES;
				CLANG_WARN_DIRECT_OBJC_ISA_USAGE = YES_ERROR;
				CLANG_WARN_DOCUMENTATION_COMMENTS = YES;
				CLANG_WARN_EMPTY_BODY = YES;
				CLANG_WARN_ENUM_CONVERSION = YES;
				CLANG_WARN_INFINITE_RECURSION = YES;
				CLANG_WARN_INT_CONVERSION = YES;
				CLANG_WARN_NON_LITERAL_NULL_CONVERSION = YES;
				CLANG_WARN_OBJC_LITERAL_CONVERSION = YES;
				CLANG_WARN_OBJC_ROOT_CLASS = YES_ERROR;
				CLANG_WARN_RANGE_LOOP_ANALYSIS = YES;
				CLANG_WARN_STRICT_PROTOTYPES = YES;
				CLANG_WARN_SUSPICIOUS_MOVE = YES;
				CLANG_WARN_UNGUARDED_AVAILABILITY = YES_AGGRESSIVE;
				CLANG_WARN_UNREACHABLE_CODE = YES;
				CLANG_WARN__DUPLICATE_METHOD_MATCH = YES;
				CODE_SIGN_IDENTITY = "iPhone Developer";
				COPY_PHASE_STRIP = NO;
				DEBUG_INFORMATION_FORMAT = dwarf;
				ENABLE_STRICT_OBJC_MSGSEND = YES;
				ENABLE_TESTABILITY = YES;
				GCC_C_LANGUAGE_STANDARD = gnu11;
				GCC_DYNAMIC_NO_PIC = NO;
				GCC_NO_COMMON_BLOCKS = YES;
				GCC_OPTIMIZATION_LEVEL = 0;
				GCC_PREPROCESSOR_DEFINITIONS = (
					"DEBUG=1",
					"$(inherited)",
				);
				GCC_WARN_64_TO_32_BIT_CONVERSION = YES;
				GCC_WARN_ABOUT_RETURN_TYPE = YES_ERROR;
				GCC_WARN_UNDECLARED_SELECTOR = YES;
				GCC_WARN_UNINITIALIZED_AUTOS = YES_AGGRESSIVE;
				GCC_WARN_UNUSED_FUNCTION = YES;
				GCC_WARN_UNUSED_VARIABLE = YES;
				IPHONEOS_DEPLOYMENT_TARGET = 10.0;
				MTL_ENABLE_DEBUG_INFO = YES;
				ONLY_ACTIVE_ARCH = YES;
				SDKROOT = iphoneos;
				SWIFT_ACTIVE_COMPILATION_CONDITIONS = DEBUG;
				SWIFT_OPTIMIZATION_LEVEL = "-Onone";
			};
			name = Debug;
		};
		DCB50B691FEAFC6200F5EDE5 /* Release */ = {
			isa = XCBuildConfiguration;
			buildSettings = {
				ALWAYS_SEARCH_USER_PATHS = NO;
				CLANG_ANALYZER_NONNULL = YES;
				CLANG_ANALYZER_NUMBER_OBJECT_CONVERSION = YES_AGGRESSIVE;
				CLANG_CXX_LANGUAGE_STANDARD = "gnu++14";
				CLANG_CXX_LIBRARY = "libc++";
				CLANG_ENABLE_MODULES = YES;
				CLANG_ENABLE_OBJC_ARC = YES;
				CLANG_WARN_BLOCK_CAPTURE_AUTORELEASING = YES;
				CLANG_WARN_BOOL_CONVERSION = YES;
				CLANG_WARN_COMMA = YES;
				CLANG_WARN_CONSTANT_CONVERSION = YES;
				CLANG_WARN_DIRECT_OBJC_ISA_USAGE = YES_ERROR;
				CLANG_WARN_DOCUMENTATION_COMMENTS = YES;
				CLANG_WARN_EMPTY_BODY = YES;
				CLANG_WARN_ENUM_CONVERSION = YES;
				CLANG_WARN_INFINITE_RECURSION = YES;
				CLANG_WARN_INT_CONVERSION = YES;
				CLANG_WARN_NON_LITERAL_NULL_CONVERSION = YES;
				CLANG_WARN_OBJC_LITERAL_CONVERSION = YES;
				CLANG_WARN_OBJC_ROOT_CLASS = YES_ERROR;
				CLANG_WARN_RANGE_LOOP_ANALYSIS = YES;
				CLANG_WARN_STRICT_PROTOTYPES = YES;
				CLANG_WARN_SUSPICIOUS_MOVE = YES;
				CLANG_WARN_UNGUARDED_AVAILABILITY = YES_AGGRESSIVE;
				CLANG_WARN_UNREACHABLE_CODE = YES;
				CLANG_WARN__DUPLICATE_METHOD_MATCH = YES;
				CODE_SIGN_IDENTITY = "iPhone Developer";
				COPY_PHASE_STRIP = NO;
				DEBUG_INFORMATION_FORMAT = "dwarf-with-dsym";
				ENABLE_NS_ASSERTIONS = NO;
				ENABLE_STRICT_OBJC_MSGSEND = YES;
				GCC_C_LANGUAGE_STANDARD = gnu11;
				GCC_NO_COMMON_BLOCKS = YES;
				GCC_WARN_64_TO_32_BIT_CONVERSION = YES;
				GCC_WARN_ABOUT_RETURN_TYPE = YES_ERROR;
				GCC_WARN_UNDECLARED_SELECTOR = YES;
				GCC_WARN_UNINITIALIZED_AUTOS = YES_AGGRESSIVE;
				GCC_WARN_UNUSED_FUNCTION = YES;
				GCC_WARN_UNUSED_VARIABLE = YES;
				IPHONEOS_DEPLOYMENT_TARGET = 10.0;
				MTL_ENABLE_DEBUG_INFO = NO;
				SDKROOT = iphoneos;
				SWIFT_OPTIMIZATION_LEVEL = "-Owholemodule";
				VALIDATE_PRODUCT = YES;
			};
			name = Release;
		};
		DCB50B6B1FEAFC6200F5EDE5 /* Debug */ = {
			isa = XCBuildConfiguration;
			buildSettings = {
				ASSETCATALOG_COMPILER_APPICON_NAME = AppIcon;
				CODE_SIGN_STYLE = Automatic;
				DEVELOPMENT_TEAM = 2NL354MH99;
				INFOPLIST_FILE = ThrowME/Info.plist;
				LD_RUNPATH_SEARCH_PATHS = "$(inherited) @executable_path/Frameworks";
				PRODUCT_BUNDLE_IDENTIFIER = Zifan94.ThrowME;
				PRODUCT_NAME = "$(TARGET_NAME)";
				SWIFT_VERSION = 4.0;
				TARGETED_DEVICE_FAMILY = 1;
			};
			name = Debug;
		};
		DCB50B6C1FEAFC6200F5EDE5 /* Release */ = {
			isa = XCBuildConfiguration;
			buildSettings = {
				ASSETCATALOG_COMPILER_APPICON_NAME = AppIcon;
				CODE_SIGN_STYLE = Automatic;
				DEVELOPMENT_TEAM = 2NL354MH99;
				INFOPLIST_FILE = ThrowME/Info.plist;
				LD_RUNPATH_SEARCH_PATHS = "$(inherited) @executable_path/Frameworks";
				PRODUCT_BUNDLE_IDENTIFIER = Zifan94.ThrowME;
				PRODUCT_NAME = "$(TARGET_NAME)";
				SWIFT_VERSION = 4.0;
				TARGETED_DEVICE_FAMILY = 1;
			};
			name = Release;
		};
		DCB50B6E1FEAFC6200F5EDE5 /* Debug */ = {
			isa = XCBuildConfiguration;
			buildSettings = {
				ALWAYS_EMBED_SWIFT_STANDARD_LIBRARIES = YES;
				BUNDLE_LOADER = "$(TEST_HOST)";
				CODE_SIGN_STYLE = Automatic;
				INFOPLIST_FILE = ThrowMETests/Info.plist;
				LD_RUNPATH_SEARCH_PATHS = "$(inherited) @executable_path/Frameworks @loader_path/Frameworks";
				PRODUCT_BUNDLE_IDENTIFIER = Zifan94.ThrowMETests;
				PRODUCT_NAME = "$(TARGET_NAME)";
				SWIFT_VERSION = 4.0;
				TARGETED_DEVICE_FAMILY = "1,2";
				TEST_HOST = "$(BUILT_PRODUCTS_DIR)/ThrowME.app/ThrowME";
			};
			name = Debug;
		};
		DCB50B6F1FEAFC6200F5EDE5 /* Release */ = {
			isa = XCBuildConfiguration;
			buildSettings = {
				ALWAYS_EMBED_SWIFT_STANDARD_LIBRARIES = YES;
				BUNDLE_LOADER = "$(TEST_HOST)";
				CODE_SIGN_STYLE = Automatic;
				INFOPLIST_FILE = ThrowMETests/Info.plist;
				LD_RUNPATH_SEARCH_PATHS = "$(inherited) @executable_path/Frameworks @loader_path/Frameworks";
				PRODUCT_BUNDLE_IDENTIFIER = Zifan94.ThrowMETests;
				PRODUCT_NAME = "$(TARGET_NAME)";
				SWIFT_VERSION = 4.0;
				TARGETED_DEVICE_FAMILY = "1,2";
				TEST_HOST = "$(BUILT_PRODUCTS_DIR)/ThrowME.app/ThrowME";
			};
			name = Release;
		};
		DCB50B711FEAFC6200F5EDE5 /* Debug */ = {
			isa = XCBuildConfiguration;
			buildSettings = {
				ALWAYS_EMBED_SWIFT_STANDARD_LIBRARIES = YES;
				CODE_SIGN_STYLE = Automatic;
				INFOPLIST_FILE = ThrowMEUITests/Info.plist;
				LD_RUNPATH_SEARCH_PATHS = "$(inherited) @executable_path/Frameworks @loader_path/Frameworks";
				PRODUCT_BUNDLE_IDENTIFIER = Zifan94.ThrowMEUITests;
				PRODUCT_NAME = "$(TARGET_NAME)";
				SWIFT_VERSION = 4.0;
				TARGETED_DEVICE_FAMILY = "1,2";
				TEST_TARGET_NAME = ThrowME;
			};
			name = Debug;
		};
		DCB50B721FEAFC6200F5EDE5 /* Release */ = {
			isa = XCBuildConfiguration;
			buildSettings = {
				ALWAYS_EMBED_SWIFT_STANDARD_LIBRARIES = YES;
				CODE_SIGN_STYLE = Automatic;
				INFOPLIST_FILE = ThrowMEUITests/Info.plist;
				LD_RUNPATH_SEARCH_PATHS = "$(inherited) @executable_path/Frameworks @loader_path/Frameworks";
				PRODUCT_BUNDLE_IDENTIFIER = Zifan94.ThrowMEUITests;
				PRODUCT_NAME = "$(TARGET_NAME)";
				SWIFT_VERSION = 4.0;
				TARGETED_DEVICE_FAMILY = "1,2";
				TEST_TARGET_NAME = ThrowME;
			};
			name = Release;
		};
/* End XCBuildConfiguration section */

/* Begin XCConfigurationList section */
		DCB50B3D1FEAFC6100F5EDE5 /* Build configuration list for PBXProject "ThrowME" */ = {
			isa = XCConfigurationList;
			buildConfigurations = (
				DCB50B681FEAFC6200F5EDE5 /* Debug */,
				DCB50B691FEAFC6200F5EDE5 /* Release */,
			);
			defaultConfigurationIsVisible = 0;
			defaultConfigurationName = Release;
		};
		DCB50B6A1FEAFC6200F5EDE5 /* Build configuration list for PBXNativeTarget "ThrowME" */ = {
			isa = XCConfigurationList;
			buildConfigurations = (
				DCB50B6B1FEAFC6200F5EDE5 /* Debug */,
				DCB50B6C1FEAFC6200F5EDE5 /* Release */,
			);
			defaultConfigurationIsVisible = 0;
			defaultConfigurationName = Release;
		};
		DCB50B6D1FEAFC6200F5EDE5 /* Build configuration list for PBXNativeTarget "ThrowMETests" */ = {
			isa = XCConfigurationList;
			buildConfigurations = (
				DCB50B6E1FEAFC6200F5EDE5 /* Debug */,
				DCB50B6F1FEAFC6200F5EDE5 /* Release */,
			);
			defaultConfigurationIsVisible = 0;
			defaultConfigurationName = Release;
		};
		DCB50B701FEAFC6200F5EDE5 /* Build configuration list for PBXNativeTarget "ThrowMEUITests" */ = {
			isa = XCConfigurationList;
			buildConfigurations = (
				DCB50B711FEAFC6200F5EDE5 /* Debug */,
				DCB50B721FEAFC6200F5EDE5 /* Release */,
			);
			defaultConfigurationIsVisible = 0;
			defaultConfigurationName = Release;
		};
/* End XCConfigurationList section */
	};
	rootObject = DCB50B3A1FEAFC6100F5EDE5 /* Project object */;
}
